// !$*UTF8*$!
{
	archiveVersion = 1;
	classes = {
	};
	objectVersion = 50;
	objects = {

/* Begin PBXBuildFile section */
		1C2153FA242992BC000C4CFC /* HomeView.swift in Sources */ = {isa = PBXBuildFile; fileRef = 1C2153F9242992BC000C4CFC /* HomeView.swift */; };
		1C2153FC242B0E02000C4CFC /* UpdateList.swift in Sources */ = {isa = PBXBuildFile; fileRef = 1C2153FB242B0E02000C4CFC /* UpdateList.swift */; };
		1C3A447C2425FD2400345873 /* MenuView.swift in Sources */ = {isa = PBXBuildFile; fileRef = 1C3A447B2425FD2400345873 /* MenuView.swift */; };
		1C8F5DE62426EF75006171A5 /* Home.swift in Sources */ = {isa = PBXBuildFile; fileRef = 1C8F5DE52426EF75006171A5 /* Home.swift */; };
		1CDAB5FA2423133C00B74AF7 /* AppDelegate.swift in Sources */ = {isa = PBXBuildFile; fileRef = 1CDAB5F92423133C00B74AF7 /* AppDelegate.swift */; };
		1CDAB5FC2423133C00B74AF7 /* SceneDelegate.swift in Sources */ = {isa = PBXBuildFile; fileRef = 1CDAB5FB2423133C00B74AF7 /* SceneDelegate.swift */; };
		1CDAB5FE2423133C00B74AF7 /* ContentView.swift in Sources */ = {isa = PBXBuildFile; fileRef = 1CDAB5FD2423133C00B74AF7 /* ContentView.swift */; };
		1CDAB6002423133C00B74AF7 /* Assets.xcassets in Resources */ = {isa = PBXBuildFile; fileRef = 1CDAB5FF2423133C00B74AF7 /* Assets.xcassets */; };
		1CDAB6032423133C00B74AF7 /* Preview Assets.xcassets in Resources */ = {isa = PBXBuildFile; fileRef = 1CDAB6022423133C00B74AF7 /* Preview Assets.xcassets */; };
		1CDAB6062423133C00B74AF7 /* LaunchScreen.storyboard in Resources */ = {isa = PBXBuildFile; fileRef = 1CDAB6042423133C00B74AF7 /* LaunchScreen.storyboard */; };
/* End PBXBuildFile section */

/* Begin PBXFileReference section */
		1C2153F9242992BC000C4CFC /* HomeView.swift */ = {isa = PBXFileReference; lastKnownFileType = sourcecode.swift; path = HomeView.swift; sourceTree = "<group>"; };
		1C2153FB242B0E02000C4CFC /* UpdateList.swift */ = {isa = PBXFileReference; lastKnownFileType = sourcecode.swift; path = UpdateList.swift; sourceTree = "<group>"; };
		1C3A447B2425FD2400345873 /* MenuView.swift */ = {isa = PBXFileReference; lastKnownFileType = sourcecode.swift; path = MenuView.swift; sourceTree = "<group>"; };
		1C8F5DE52426EF75006171A5 /* Home.swift */ = {isa = PBXFileReference; lastKnownFileType = sourcecode.swift; path = Home.swift; sourceTree = "<group>"; };
		1CDAB5F62423133C00B74AF7 /* BuildAnAppWithSwiftUI.app */ = {isa = PBXFileReference; explicitFileType = wrapper.application; includeInIndex = 0; path = BuildAnAppWithSwiftUI.app; sourceTree = BUILT_PRODUCTS_DIR; };
		1CDAB5F92423133C00B74AF7 /* AppDelegate.swift */ = {isa = PBXFileReference; lastKnownFileType = sourcecode.swift; path = AppDelegate.swift; sourceTree = "<group>"; };
		1CDAB5FB2423133C00B74AF7 /* SceneDelegate.swift */ = {isa = PBXFileReference; lastKnownFileType = sourcecode.swift; path = SceneDelegate.swift; sourceTree = "<group>"; };
		1CDAB5FD2423133C00B74AF7 /* ContentView.swift */ = {isa = PBXFileReference; lastKnownFileType = sourcecode.swift; path = ContentView.swift; sourceTree = "<group>"; };
		1CDAB5FF2423133C00B74AF7 /* Assets.xcassets */ = {isa = PBXFileReference; lastKnownFileType = folder.assetcatalog; path = Assets.xcassets; sourceTree = "<group>"; };
		1CDAB6022423133C00B74AF7 /* Preview Assets.xcassets */ = {isa = PBXFileReference; lastKnownFileType = folder.assetcatalog; path = "Preview Assets.xcassets"; sourceTree = "<group>"; };
		1CDAB6052423133C00B74AF7 /* Base */ = {isa = PBXFileReference; lastKnownFileType = file.storyboard; name = Base; path = Base.lproj/LaunchScreen.storyboard; sourceTree = "<group>"; };
		1CDAB6072423133C00B74AF7 /* Info.plist */ = {isa = PBXFileReference; lastKnownFileType = text.plist.xml; path = Info.plist; sourceTree = "<group>"; };
/* End PBXFileReference section */

/* Begin PBXFrameworksBuildPhase section */
		1CDAB5F32423133C00B74AF7 /* Frameworks */ = {
			isa = PBXFrameworksBuildPhase;
			buildActionMask = 2147483647;
			files = (
			);
			runOnlyForDeploymentPostprocessing = 0;
		};
/* End PBXFrameworksBuildPhase section */

/* Begin PBXGroup section */
		1CDAB5ED2423133C00B74AF7 = {
			isa = PBXGroup;
			children = (
				1CDAB5F82423133C00B74AF7 /* BuildAnAppWithSwiftUI */,
				1CDAB5F72423133C00B74AF7 /* Products */,
			);
			sourceTree = "<group>";
		};
		1CDAB5F72423133C00B74AF7 /* Products */ = {
			isa = PBXGroup;
			children = (
				1CDAB5F62423133C00B74AF7 /* BuildAnAppWithSwiftUI.app */,
			);
			name = Products;
			sourceTree = "<group>";
		};
		1CDAB5F82423133C00B74AF7 /* BuildAnAppWithSwiftUI */ = {
			isa = PBXGroup;
			children = (
				1CDAB5F92423133C00B74AF7 /* AppDelegate.swift */,
				1CDAB5FB2423133C00B74AF7 /* SceneDelegate.swift */,
				1CDAB5FD2423133C00B74AF7 /* ContentView.swift */,
				1C3A447B2425FD2400345873 /* MenuView.swift */,
				1C8F5DE52426EF75006171A5 /* Home.swift */,
				1C2153FB242B0E02000C4CFC /* UpdateList.swift */,
				1C2153F9242992BC000C4CFC /* HomeView.swift */,
				1CDAB5FF2423133C00B74AF7 /* Assets.xcassets */,
				1CDAB6042423133C00B74AF7 /* LaunchScreen.storyboard */,
				1CDAB6072423133C00B74AF7 /* Info.plist */,
				1CDAB6012423133C00B74AF7 /* Preview Content */,
			);
			path = BuildAnAppWithSwiftUI;
			sourceTree = "<group>";
		};
		1CDAB6012423133C00B74AF7 /* Preview Content */ = {
			isa = PBXGroup;
			children = (
				1CDAB6022423133C00B74AF7 /* Preview Assets.xcassets */,
			);
			path = "Preview Content";
			sourceTree = "<group>";
		};
/* End PBXGroup section */

/* Begin PBXNativeTarget section */
		1CDAB5F52423133C00B74AF7 /* BuildAnAppWithSwiftUI */ = {
			isa = PBXNativeTarget;
			buildConfigurationList = 1CDAB60A2423133C00B74AF7 /* Build configuration list for PBXNativeTarget "BuildAnAppWithSwiftUI" */;
			buildPhases = (
				1CDAB5F22423133C00B74AF7 /* Sources */,
				1CDAB5F32423133C00B74AF7 /* Frameworks */,
				1CDAB5F42423133C00B74AF7 /* Resources */,
			);
			buildRules = (
			);
			dependencies = (
			);
			name = BuildAnAppWithSwiftUI;
			productName = BuildAnAppWithSwiftUI;
			productReference = 1CDAB5F62423133C00B74AF7 /* BuildAnAppWithSwiftUI.app */;
			productType = "com.apple.product-type.application";
		};
/* End PBXNativeTarget section */

/* Begin PBXProject section */
		1CDAB5EE2423133C00B74AF7 /* Project object */ = {
			isa = PBXProject;
			attributes = {
				LastSwiftUpdateCheck = 1130;
				LastUpgradeCheck = 1130;
				ORGANIZATIONNAME = Howard;
				TargetAttributes = {
					1CDAB5F52423133C00B74AF7 = {
						CreatedOnToolsVersion = 11.3.1;
					};
				};
			};
			buildConfigurationList = 1CDAB5F12423133C00B74AF7 /* Build configuration list for PBXProject "BuildAnAppWithSwiftUI" */;
			compatibilityVersion = "Xcode 9.3";
			developmentRegion = en;
			hasScannedForEncodings = 0;
			knownRegions = (
				en,
				Base,
			);
			mainGroup = 1CDAB5ED2423133C00B74AF7;
			productRefGroup = 1CDAB5F72423133C00B74AF7 /* Products */;
			projectDirPath = "";
			projectRoot = "";
			targets = (
				1CDAB5F52423133C00B74AF7 /* BuildAnAppWithSwiftUI */,
			);
		};
/* End PBXProject section */

/* Begin PBXResourcesBuildPhase section */
		1CDAB5F42423133C00B74AF7 /* Resources */ = {
			isa = PBXResourcesBuildPhase;
			buildActionMask = 2147483647;
			files = (
				1CDAB6062423133C00B74AF7 /* LaunchScreen.storyboard in Resources */,
				1CDAB6032423133C00B74AF7 /* Preview Assets.xcassets in Resources */,
				1CDAB6002423133C00B74AF7 /* Assets.xcassets in Resources */,
			);
			runOnlyForDeploymentPostprocessing = 0;
		};
/* End PBXResourcesBuildPhase section */

/* Begin PBXSourcesBuildPhase section */
		1CDAB5F22423133C00B74AF7 /* Sources */ = {
			isa = PBXSourcesBuildPhase;
			buildActionMask = 2147483647;
			files = (
				1CDAB5FA2423133C00B74AF7 /* AppDelegate.swift in Sources */,
				1C2153FC242B0E02000C4CFC /* UpdateList.swift in Sources */,
				1C3A447C2425FD2400345873 /* MenuView.swift in Sources */,
				1C8F5DE62426EF75006171A5 /* Home.swift in Sources */,
				1C2153FA242992BC000C4CFC /* HomeView.swift in Sources */,
				1CDAB5FC2423133C00B74AF7 /* SceneDelegate.swift in Sources */,
				1CDAB5FE2423133C00B74AF7 /* ContentView.swift in Sources */,
			);
			runOnlyForDeploymentPostprocessing = 0;
		};
/* End PBXSourcesBuildPhase section */

/* Begin PBXVariantGroup section */
		1CDAB6042423133C00B74AF7 /* LaunchScreen.storyboard */ = {
			isa = PBXVariantGroup;
			children = (
				1CDAB6052423133C00B74AF7 /* Base */,
			);
			name = LaunchScreen.storyboard;
			sourceTree = "<group>";
		};
/* End PBXVariantGroup section */

/* Begin XCBuildConfiguration section */
		1CDAB6082423133C00B74AF7 /* Debug */ = {
			isa = XCBuildConfiguration;
			buildSettings = {
				ALWAYS_SEARCH_USER_PATHS = NO;
				CLANG_ANALYZER_NONNULL = YES;
				CLANG_ANALYZER_NUMBER_OBJECT_CONVERSION = YES_AGGRESSIVE;
				CLANG_CXX_LANGUAGE_STANDARD = "gnu++14";
				CLANG_CXX_LIBRARY = "libc++";
				CLANG_ENABLE_MODULES = YES;
				CLANG_ENABLE_OBJC_ARC = YES;
				CLANG_ENABLE_OBJC_WEAK = YES;
				CLANG_WARN_BLOCK_CAPTURE_AUTORELEASING = YES;
				CLANG_WARN_BOOL_CONVERSION = YES;
				CLANG_WARN_COMMA = YES;
				CLANG_WARN_CONSTANT_CONVERSION = YES;
				CLANG_WARN_DEPRECATED_OBJC_IMPLEMENTATIONS = YES;
				CLANG_WARN_DIRECT_OBJC_ISA_USAGE = YES_ERROR;
				CLANG_WARN_DOCUMENTATION_COMMENTS = YES;
				CLANG_WARN_EMPTY_BODY = YES;
				CLANG_WARN_ENUM_CONVERSION = YES;
				CLANG_WARN_INFINITE_RECURSION = YES;
				CLANG_WARN_INT_CONVERSION = YES;
				CLANG_WARN_NON_LITERAL_NULL_CONVERSION = YES;
				CLANG_WARN_OBJC_IMPLICIT_RETAIN_SELF = YES;
				CLANG_WARN_OBJC_LITERAL_CONVERSION = YES;
				CLANG_WARN_OBJC_ROOT_CLASS = YES_ERROR;
				CLANG_WARN_RANGE_LOOP_ANALYSIS = YES;
				CLANG_WARN_STRICT_PROTOTYPES = YES;
				CLANG_WARN_SUSPICIOUS_MOVE = YES;
				CLANG_WARN_UNGUARDED_AVAILABILITY = YES_AGGRESSIVE;
				CLANG_WARN_UNREACHABLE_CODE = YES;
				CLANG_WARN__DUPLICATE_METHOD_MATCH = YES;
				COPY_PHASE_STRIP = NO;
				DEBUG_INFORMATION_FORMAT = dwarf;
				ENABLE_STRICT_OBJC_MSGSEND = YES;
				ENABLE_TESTABILITY = YES;
				GCC_C_LANGUAGE_STANDARD = gnu11;
				GCC_DYNAMIC_NO_PIC = NO;
				GCC_NO_COMMON_BLOCKS = YES;
				GCC_OPTIMIZATION_LEVEL = 0;
				GCC_PREPROCESSOR_DEFINITIONS = (
					"DEBUG=1",
					"$(inherited)",
				);
				GCC_WARN_64_TO_32_BIT_CONVERSION = YES;
				GCC_WARN_ABOUT_RETURN_TYPE = YES_ERROR;
				GCC_WARN_UNDECLARED_SELECTOR = YES;
				GCC_WARN_UNINITIALIZED_AUTOS = YES_AGGRESSIVE;
				GCC_WARN_UNUSED_FUNCTION = YES;
				GCC_WARN_UNUSED_VARIABLE = YES;
				IPHONEOS_DEPLOYMENT_TARGET = 13.2;
				MTL_ENABLE_DEBUG_INFO = INCLUDE_SOURCE;
				MTL_FAST_MATH = YES;
				ONLY_ACTIVE_ARCH = YES;
				SDKROOT = iphoneos;
				SWIFT_ACTIVE_COMPILATION_CONDITIONS = DEBUG;
				SWIFT_OPTIMIZATION_LEVEL = "-Onone";
			};
			name = Debug;
		};
		1CDAB6092423133C00B74AF7 /* Release */ = {
			isa = XCBuildConfiguration;
			buildSettings = {
				ALWAYS_SEARCH_USER_PATHS = NO;
				CLANG_ANALYZER_NONNULL = YES;
				CLANG_ANALYZER_NUMBER_OBJECT_CONVERSION = YES_AGGRESSIVE;
				CLANG_CXX_LANGUAGE_STANDARD = "gnu++14";
				CLANG_CXX_LIBRARY = "libc++";
				CLANG_ENABLE_MODULES = YES;
				CLANG_ENABLE_OBJC_ARC = YES;
				CLANG_ENABLE_OBJC_WEAK = YES;
				CLANG_WARN_BLOCK_CAPTURE_AUTORELEASING = YES;
				CLANG_WARN_BOOL_CONVERSION = YES;
				CLANG_WARN_COMMA = YES;
				CLANG_WARN_CONSTANT_CONVERSION = YES;
				CLANG_WARN_DEPRECATED_OBJC_IMPLEMENTATIONS = YES;
				CLANG_WARN_DIRECT_OBJC_ISA_USAGE = YES_ERROR;
				CLANG_WARN_DOCUMENTATION_COMMENTS = YES;
				CLANG_WARN_EMPTY_BODY = YES;
				CLANG_WARN_ENUM_CONVERSION = YES;
				CLANG_WARN_INFINITE_RECURSION = YES;
				CLANG_WARN_INT_CONVERSION = YES;
				CLANG_WARN_NON_LITERAL_NULL_CONVERSION = YES;
				CLANG_WARN_OBJC_IMPLICIT_RETAIN_SELF = YES;
				CLANG_WARN_OBJC_LITERAL_CONVERSION = YES;
				CLANG_WARN_OBJC_ROOT_CLASS = YES_ERROR;
				CLANG_WARN_RANGE_LOOP_ANALYSIS = YES;
				CLANG_WARN_STRICT_PROTOTYPES = YES;
				CLANG_WARN_SUSPICIOUS_MOVE = YES;
				CLANG_WARN_UNGUARDED_AVAILABILITY = YES_AGGRESSIVE;
				CLANG_WARN_UNREACHABLE_CODE = YES;
				CLANG_WARN__DUPLICATE_METHOD_MATCH = YES;
				COPY_PHASE_STRIP = NO;
				DEBUG_INFORMATION_FORMAT = "dwarf-with-dsym";
				ENABLE_NS_ASSERTIONS = NO;
				ENABLE_STRICT_OBJC_MSGSEND = YES;
				GCC_C_LANGUAGE_STANDARD = gnu11;
				GCC_NO_COMMON_BLOCKS = YES;
				GCC_WARN_64_TO_32_BIT_CONVERSION = YES;
				GCC_WARN_ABOUT_RETURN_TYPE = YES_ERROR;
				GCC_WARN_UNDECLARED_SELECTOR = YES;
				GCC_WARN_UNINITIALIZED_AUTOS = YES_AGGRESSIVE;
				GCC_WARN_UNUSED_FUNCTION = YES;
				GCC_WARN_UNUSED_VARIABLE = YES;
				IPHONEOS_DEPLOYMENT_TARGET = 13.2;
				MTL_ENABLE_DEBUG_INFO = NO;
				MTL_FAST_MATH = YES;
				SDKROOT = iphoneos;
				SWIFT_COMPILATION_MODE = wholemodule;
				SWIFT_OPTIMIZATION_LEVEL = "-O";
				VALIDATE_PRODUCT = YES;
			};
			name = Release;
		};
		1CDAB60B2423133C00B74AF7 /* Debug */ = {
			isa = XCBuildConfiguration;
			buildSettings = {
				ASSETCATALOG_COMPILER_APPICON_NAME = AppIcon;
				CODE_SIGN_STYLE = Automatic;
				DEVELOPMENT_ASSET_PATHS = "\"BuildAnAppWithSwiftUI/Preview Content\"";
				ENABLE_PREVIEWS = YES;
				INFOPLIST_FILE = BuildAnAppWithSwiftUI/Info.plist;
				LD_RUNPATH_SEARCH_PATHS = (
					"$(inherited)",
					"@executable_path/Frameworks",
				);
				PRODUCT_BUNDLE_IDENTIFIER = cn.hh.BuildAnAppWithSwiftUI;
				PRODUCT_NAME = "$(TARGET_NAME)";
				SWIFT_VERSION = 5.0;
				TARGETED_DEVICE_FAMILY = "1,2";
			};
			name = Debug;
		};
		1CDAB60C2423133C00B74AF7 /* Release */ = {
			isa = XCBuildConfiguration;
			buildSettings = {
				ASSETCATALOG_COMPILER_APPICON_NAME = AppIcon;
				CODE_SIGN_STYLE = Automatic;
				DEVELOPMENT_ASSET_PATHS = "\"BuildAnAppWithSwiftUI/Preview Content\"";
				ENABLE_PREVIEWS = YES;
				INFOPLIST_FILE = BuildAnAppWithSwiftUI/Info.plist;
				LD_RUNPATH_SEARCH_PATHS = (
					"$(inherited)",
					"@executable_path/Frameworks",
				);
				PRODUCT_BUNDLE_IDENTIFIER = cn.hh.BuildAnAppWithSwiftUI;
				PRODUCT_NAME = "$(TARGET_NAME)";
				SWIFT_VERSION = 5.0;
				TARGETED_DEVICE_FAMILY = "1,2";
			};
			name = Release;
		};
/* End XCBuildConfiguration section */

/* Begin XCConfigurationList section */
		1CDAB5F12423133C00B74AF7 /* Build configuration list for PBXProject "BuildAnAppWithSwiftUI" */ = {
			isa = XCConfigurationList;
			buildConfigurations = (
				1CDAB6082423133C00B74AF7 /* Debug */,
				1CDAB6092423133C00B74AF7 /* Release */,
			);
			defaultConfigurationIsVisible = 0;
			defaultConfigurationName = Release;
		};
		1CDAB60A2423133C00B74AF7 /* Build configuration list for PBXNativeTarget "BuildAnAppWithSwiftUI" */ = {
			isa = XCConfigurationList;
			buildConfigurations = (
				1CDAB60B2423133C00B74AF7 /* Debug */,
				1CDAB60C2423133C00B74AF7 /* Release */,
			);
			defaultConfigurationIsVisible = 0;
			defaultConfigurationName = Release;
		};
/* End XCConfigurationList section */
	};
	rootObject = 1CDAB5EE2423133C00B74AF7 /* Project object */;
}
